# This is a Gradle generated file for dependency locking.
# Manual edits can break the build and are not advised.
# This file is expected to be part of source control.
com.fasterxml.jackson.core:jackson-annotations:2.17.1=runtimeClasspath
com.fasterxml.jackson.core:jackson-core:2.17.1=runtimeClasspath
com.fasterxml.jackson.core:jackson-databind:2.17.1=runtimeClasspath
com.fasterxml.jackson.datatype:jackson-datatype-jsr310:2.17.1=runtimeClasspath
com.fasterxml.jackson:jackson-bom:2.17.1=runtimeClasspath
com.kintone:kintone-java-client:2.3.0=compileClasspath,runtimeClasspath
org.apache.httpcomponents.client5:httpclient5:5.3.1=runtimeClasspath
org.apache.httpcomponents.core5:httpcore5-h2:5.2.4=runtimeClasspath
org.apache.httpcomponents.core5:httpcore5:5.2.4=runtimeClasspath
empty=
